PODS:
  - Masonry (1.0.1)
  - NJKWebViewProgress (0.2.3):
    - NJKWebViewProgress/Core (= 0.2.3)
    - NJKWebViewProgress/ProgressView (= 0.2.3)
  - NJKWebViewProgress/Core (0.2.3)
  - NJKWebViewProgress/ProgressView (0.2.3)
  - pop (1.0.9)
  - SDWebImage (3.8.1):
    - SDWebImage/Core (= 3.8.1)
  - SDWebImage/Core (3.8.1)

DEPENDENCIES:
  - Masonry
  - NJKWebViewProgress
  - pop (~> 1.0)
  - SDWebImage

SPEC REPOS:
  https://github.com/cocoapods/specs.git:
    - Masonry
    - NJKWebViewProgress
    - pop
    - SDWebImage

SPEC CHECKSUMS:
  Masonry: a1a931a0d08870ed8ae415a2ea5ea68ebcac77df
  NJKWebViewProgress: f481fd424cb5ecc27eacae11b5397db92fba9a4d
  pop: f667631a5108a2e60d9e8797c9b32ddaf2080bce
  SDWebImage: 35f9627a3e44b4f292a8a8ce6a531fa488239b91

PODFILE CHECKSUM: bd29555080159129b37ca7d379d490846636fb6c

COCOAPODS: 1.7.0.beta.1
