// !$*UTF8*$!
{
	archiveVersion = 1;
	classes = {
	};
	objectVersion = 46;
	objects = {

/* Begin PBXBuildFile section */
		272001B81E03C24600B03629 /* PhotoListVC2.m in Sources */ = {isa = PBXBuildFile; fileRef = 272001B71E03C24600B03629 /* PhotoListVC2.m */; };
		272001C81E03C3DF00B03629 /* PBImageScrollerViewController.m in Sources */ = {isa = PBXBuildFile; fileRef = 272001BC1E03C3DF00B03629 /* PBImageScrollerViewController.m */; };
		272001C91E03C3DF00B03629 /* PBImageScrollView.m in Sources */ = {isa = PBXBuildFile; fileRef = 272001BF1E03C3DF00B03629 /* PBImageScrollView.m */; };
		272001CA1E03C3DF00B03629 /* PBPresentAnimatedTransitioningController.m in Sources */ = {isa = PBXBuildFile; fileRef = 272001C11E03C3DF00B03629 /* PBPresentAnimatedTransitioningController.m */; };
		272001CB1E03C3DF00B03629 /* PBViewController.m in Sources */ = {isa = PBXBuildFile; fileRef = 272001C31E03C3DF00B03629 /* PBViewController.m */; };
		272001CC1E03C3DF00B03629 /* UIView+PBSnapshot.m in Sources */ = {isa = PBXBuildFile; fileRef = 272001C61E03C3DF00B03629 /* UIView+PBSnapshot.m */; };
		2739AB3E1D75561E00135DD5 /* NavigationControllerDelegate.m in Sources */ = {isa = PBXBuildFile; fileRef = 2739AB3D1D75561D00135DD5 /* NavigationControllerDelegate.m */; };
		2739AB411D75571100135DD5 /* MyAnimator.m in Sources */ = {isa = PBXBuildFile; fileRef = 2739AB401D75571100135DD5 /* MyAnimator.m */; };
		2739AB441D7559E200135DD5 /* MyVC1.m in Sources */ = {isa = PBXBuildFile; fileRef = 2739AB431D7559E200135DD5 /* MyVC1.m */; };
		2739AB471D7559F200135DD5 /* MyVC2.m in Sources */ = {isa = PBXBuildFile; fileRef = 2739AB461D7559F200135DD5 /* MyVC2.m */; };
		27626D0D1DADEFED0087052D /* WebViewVC.m in Sources */ = {isa = PBXBuildFile; fileRef = 27626D0C1DADEFED0087052D /* WebViewVC.m */; };
		276F2143214F97250097D91F /* DispatchTimerVC.m in Sources */ = {isa = PBXBuildFile; fileRef = 276F2142214F97250097D91F /* DispatchTimerVC.m */; };
		276F2147214F9B660097D91F /* KVOPerson.m in Sources */ = {isa = PBXBuildFile; fileRef = 276F2146214F9B660097D91F /* KVOPerson.m */; };
		276F214A214F9BA90097D91F /* KVOController.m in Sources */ = {isa = PBXBuildFile; fileRef = 276F2149214F9BA90097D91F /* KVOController.m */; };
		276F214D214FA40C0097D91F /* KVOAccount.m in Sources */ = {isa = PBXBuildFile; fileRef = 276F214C214FA40C0097D91F /* KVOAccount.m */; };
		2776550D1D7ECE5D0086892E /* CommonUtils.m in Sources */ = {isa = PBXBuildFile; fileRef = 2776550C1D7ECE5D0086892E /* CommonUtils.m */; };
		277655151D7ECE8C0086892E /* ManagerImageCLVCell.m in Sources */ = {isa = PBXBuildFile; fileRef = 277655101D7ECE8C0086892E /* ManagerImageCLVCell.m */; };
		277655161D7ECE8C0086892E /* ManagerImageCLVCell.xib in Resources */ = {isa = PBXBuildFile; fileRef = 277655111D7ECE8C0086892E /* ManagerImageCLVCell.xib */; };
		277655171D7ECE8C0086892E /* ManagerSayCell.m in Sources */ = {isa = PBXBuildFile; fileRef = 277655131D7ECE8C0086892E /* ManagerSayCell.m */; };
		277655181D7ECE8C0086892E /* ManagerSayCell.xib in Resources */ = {isa = PBXBuildFile; fileRef = 277655141D7ECE8C0086892E /* ManagerSayCell.xib */; };
		2776551B1D7ECEBC0086892E /* CellHeightVC2.m in Sources */ = {isa = PBXBuildFile; fileRef = 2776551A1D7ECEBC0086892E /* CellHeightVC2.m */; };
		2776551D1D7ECFB80086892E /* icon.png in Resources */ = {isa = PBXBuildFile; fileRef = 2776551C1D7ECFB80086892E /* icon.png */; };
		2777FB541D93B03D007EC8DA /* PageCollectionViewCell.m in Sources */ = {isa = PBXBuildFile; fileRef = 2777FB521D93B03D007EC8DA /* PageCollectionViewCell.m */; };
		2777FB551D93B03D007EC8DA /* PageCollectionViewCell.xib in Resources */ = {isa = PBXBuildFile; fileRef = 2777FB531D93B03D007EC8DA /* PageCollectionViewCell.xib */; };
		278B23391E6E40B600457A72 /* TableHeaderViewVC.m in Sources */ = {isa = PBXBuildFile; fileRef = 278B23381E6E40B600457A72 /* TableHeaderViewVC.m */; };
		278B233C1E6E572A00457A72 /* UIScrollView+SpringHeadView.m in Sources */ = {isa = PBXBuildFile; fileRef = 278B233B1E6E572A00457A72 /* UIScrollView+SpringHeadView.m */; };
		278CBE261D66F86500B502BF /* main.m in Sources */ = {isa = PBXBuildFile; fileRef = 278CBE251D66F86500B502BF /* main.m */; };
		278CBE291D66F86500B502BF /* AppDelegate.m in Sources */ = {isa = PBXBuildFile; fileRef = 278CBE281D66F86500B502BF /* AppDelegate.m */; };
		278CBE311D66F86500B502BF /* Assets.xcassets in Resources */ = {isa = PBXBuildFile; fileRef = 278CBE301D66F86500B502BF /* Assets.xcassets */; };
		278CBE341D66F86500B502BF /* LaunchScreen.storyboard in Resources */ = {isa = PBXBuildFile; fileRef = 278CBE321D66F86500B502BF /* LaunchScreen.storyboard */; };
		278CBE3F1D66F8DF00B502BF /* HomeVC.m in Sources */ = {isa = PBXBuildFile; fileRef = 278CBE3E1D66F8DF00B502BF /* HomeVC.m */; };
		278CBE441D67031700B502BF /* Utils.m in Sources */ = {isa = PBXBuildFile; fileRef = 278CBE431D67031700B502BF /* Utils.m */; };
		27A07C1C1D73D67F0031CCA2 /* PopMenuTableView.m in Sources */ = {isa = PBXBuildFile; fileRef = 27A07C161D73D67F0031CCA2 /* PopMenuTableView.m */; };
		27A07C3B1D73D7340031CCA2 /* item_battle@2x.png in Resources */ = {isa = PBXBuildFile; fileRef = 27A07C361D73D7340031CCA2 /* item_battle@2x.png */; };
		27A07C3C1D73D7340031CCA2 /* item_chat@2x.png in Resources */ = {isa = PBXBuildFile; fileRef = 27A07C371D73D7340031CCA2 /* item_chat@2x.png */; };
		27A07C3D1D73D7340031CCA2 /* item_list@2x.png in Resources */ = {isa = PBXBuildFile; fileRef = 27A07C381D73D7340031CCA2 /* item_list@2x.png */; };
		27A07C3E1D73D7340031CCA2 /* item_school@2x.png in Resources */ = {isa = PBXBuildFile; fileRef = 27A07C391D73D7340031CCA2 /* item_school@2x.png */; };
		27A07C3F1D73D7340031CCA2 /* item_share@2x.png in Resources */ = {isa = PBXBuildFile; fileRef = 27A07C3A1D73D7340031CCA2 /* item_share@2x.png */; };
		27A07C421D73D7450031CCA2 /* PopListVC.m in Sources */ = {isa = PBXBuildFile; fileRef = 27A07C411D73D7450031CCA2 /* PopListVC.m */; };
		27D4F6C11D6BED2100135D6D /* POPAnimationVC.m in Sources */ = {isa = PBXBuildFile; fileRef = 27D4F6C01D6BED2100135D6D /* POPAnimationVC.m */; };
		27D4F6C51D6BED6600135D6D /* PhotoListVC.m in Sources */ = {isa = PBXBuildFile; fileRef = 27D4F6C41D6BED6600135D6D /* PhotoListVC.m */; };
		27D4F6E51D6C26D200135D6D /* HZPhotoBrowser.m in Sources */ = {isa = PBXBuildFile; fileRef = 27D4F6DA1D6C26D200135D6D /* HZPhotoBrowser.m */; };
		27D4F6E61D6C26D200135D6D /* HZPhotoBrowserView.m in Sources */ = {isa = PBXBuildFile; fileRef = 27D4F6DD1D6C26D200135D6D /* HZPhotoBrowserView.m */; };
		27D4F6E71D6C26D200135D6D /* HZPhotoGroup.m in Sources */ = {isa = PBXBuildFile; fileRef = 27D4F6DF1D6C26D200135D6D /* HZPhotoGroup.m */; };
		27D4F6E81D6C26D200135D6D /* HZPhotoItem.m in Sources */ = {isa = PBXBuildFile; fileRef = 27D4F6E11D6C26D200135D6D /* HZPhotoItem.m */; };
		27D4F6E91D6C26D200135D6D /* HZWaitingView.m in Sources */ = {isa = PBXBuildFile; fileRef = 27D4F6E31D6C26D200135D6D /* HZWaitingView.m */; };
		27D4F6EA1D6C26D200135D6D /* whiteplaceholder.png in Resources */ = {isa = PBXBuildFile; fileRef = 27D4F6E41D6C26D200135D6D /* whiteplaceholder.png */; };
		27D4F6EE1D6C294000135D6D /* BaseVC.m in Sources */ = {isa = PBXBuildFile; fileRef = 27D4F6ED1D6C294000135D6D /* BaseVC.m */; };
		27FA85D61D92205600340A5B /* CollectionViewPageVC.m in Sources */ = {isa = PBXBuildFile; fileRef = 27FA85CC1D92205600340A5B /* CollectionViewPageVC.m */; };
		27FA85D91D92205600340A5B /* PageCollectionViewFlowLayout.m in Sources */ = {isa = PBXBuildFile; fileRef = 27FA85D21D92205600340A5B /* PageCollectionViewFlowLayout.m */; };
		27FA85DA1D92205600340A5B /* PagedView.m in Sources */ = {isa = PBXBuildFile; fileRef = 27FA85D41D92205600340A5B /* PagedView.m */; };
		27FA85DB1D92205600340A5B /* PagedView.xib in Resources */ = {isa = PBXBuildFile; fileRef = 27FA85D51D92205600340A5B /* PagedView.xib */; };
		2D0C7B76D16893F77F6ACDEA /* libPods-GithubDemoTest.a in Frameworks */ = {isa = PBXBuildFile; fileRef = 7BE96C65B4CA25F7E78D0B7A /* libPods-GithubDemoTest.a */; };
/* End PBXBuildFile section */

/* Begin PBXFileReference section */
		272001B61E03C24600B03629 /* PhotoListVC2.h */ = {isa = PBXFileReference; fileEncoding = 4; lastKnownFileType = sourcecode.c.h; path = PhotoListVC2.h; sourceTree = "<group>"; };
		272001B71E03C24600B03629 /* PhotoListVC2.m */ = {isa = PBXFileReference; fileEncoding = 4; lastKnownFileType = sourcecode.c.objc; path = PhotoListVC2.m; sourceTree = "<group>"; };
		272001BA1E03C3DF00B03629 /* Info.plist */ = {isa = PBXFileReference; fileEncoding = 4; lastKnownFileType = text.plist.xml; path = Info.plist; sourceTree = "<group>"; };
		272001BB1E03C3DF00B03629 /* PBImageScrollerViewController.h */ = {isa = PBXFileReference; fileEncoding = 4; lastKnownFileType = sourcecode.c.h; path = PBImageScrollerViewController.h; sourceTree = "<group>"; };
		272001BC1E03C3DF00B03629 /* PBImageScrollerViewController.m */ = {isa = PBXFileReference; fileEncoding = 4; lastKnownFileType = sourcecode.c.objc; path = PBImageScrollerViewController.m; sourceTree = "<group>"; };
		272001BD1E03C3DF00B03629 /* PBImageScrollView+internal.h */ = {isa = PBXFileReference; fileEncoding = 4; lastKnownFileType = sourcecode.c.h; path = "PBImageScrollView+internal.h"; sourceTree = "<group>"; };
		272001BE1E03C3DF00B03629 /* PBImageScrollView.h */ = {isa = PBXFileReference; fileEncoding = 4; lastKnownFileType = sourcecode.c.h; path = PBImageScrollView.h; sourceTree = "<group>"; };
		272001BF1E03C3DF00B03629 /* PBImageScrollView.m */ = {isa = PBXFileReference; fileEncoding = 4; lastKnownFileType = sourcecode.c.objc; path = PBImageScrollView.m; sourceTree = "<group>"; };
		272001C01E03C3DF00B03629 /* PBPresentAnimatedTransitioningController.h */ = {isa = PBXFileReference; fileEncoding = 4; lastKnownFileType = sourcecode.c.h; path = PBPresentAnimatedTransitioningController.h; sourceTree = "<group>"; };
		272001C11E03C3DF00B03629 /* PBPresentAnimatedTransitioningController.m */ = {isa = PBXFileReference; fileEncoding = 4; lastKnownFileType = sourcecode.c.objc; path = PBPresentAnimatedTransitioningController.m; sourceTree = "<group>"; };
		272001C21E03C3DF00B03629 /* PBViewController.h */ = {isa = PBXFileReference; fileEncoding = 4; lastKnownFileType = sourcecode.c.h; path = PBViewController.h; sourceTree = "<group>"; };
		272001C31E03C3DF00B03629 /* PBViewController.m */ = {isa = PBXFileReference; fileEncoding = 4; lastKnownFileType = sourcecode.c.objc; path = PBViewController.m; sourceTree = "<group>"; };
		272001C41E03C3DF00B03629 /* PhotoBrowser.h */ = {isa = PBXFileReference; fileEncoding = 4; lastKnownFileType = sourcecode.c.h; path = PhotoBrowser.h; sourceTree = "<group>"; };
		272001C51E03C3DF00B03629 /* UIView+PBSnapshot.h */ = {isa = PBXFileReference; fileEncoding = 4; lastKnownFileType = sourcecode.c.h; path = "UIView+PBSnapshot.h"; sourceTree = "<group>"; };
		272001C61E03C3DF00B03629 /* UIView+PBSnapshot.m */ = {isa = PBXFileReference; fileEncoding = 4; lastKnownFileType = sourcecode.c.objc; path = "UIView+PBSnapshot.m"; sourceTree = "<group>"; };
		2739AB3C1D75561D00135DD5 /* NavigationControllerDelegate.h */ = {isa = PBXFileReference; fileEncoding = 4; lastKnownFileType = sourcecode.c.h; path = NavigationControllerDelegate.h; sourceTree = "<group>"; };
		2739AB3D1D75561D00135DD5 /* NavigationControllerDelegate.m */ = {isa = PBXFileReference; fileEncoding = 4; lastKnownFileType = sourcecode.c.objc; path = NavigationControllerDelegate.m; sourceTree = "<group>"; };
		2739AB3F1D75571100135DD5 /* MyAnimator.h */ = {isa = PBXFileReference; fileEncoding = 4; lastKnownFileType = sourcecode.c.h; path = MyAnimator.h; sourceTree = "<group>"; };
		2739AB401D75571100135DD5 /* MyAnimator.m */ = {isa = PBXFileReference; fileEncoding = 4; lastKnownFileType = sourcecode.c.objc; path = MyAnimator.m; sourceTree = "<group>"; };
		2739AB421D7559E200135DD5 /* MyVC1.h */ = {isa = PBXFileReference; fileEncoding = 4; lastKnownFileType = sourcecode.c.h; path = MyVC1.h; sourceTree = "<group>"; };
		2739AB431D7559E200135DD5 /* MyVC1.m */ = {isa = PBXFileReference; fileEncoding = 4; lastKnownFileType = sourcecode.c.objc; path = MyVC1.m; sourceTree = "<group>"; };
		2739AB451D7559F200135DD5 /* MyVC2.h */ = {isa = PBXFileReference; fileEncoding = 4; lastKnownFileType = sourcecode.c.h; path = MyVC2.h; sourceTree = "<group>"; };
		2739AB461D7559F200135DD5 /* MyVC2.m */ = {isa = PBXFileReference; fileEncoding = 4; lastKnownFileType = sourcecode.c.objc; path = MyVC2.m; sourceTree = "<group>"; };
		27626D0B1DADEFED0087052D /* WebViewVC.h */ = {isa = PBXFileReference; fileEncoding = 4; lastKnownFileType = sourcecode.c.h; path = WebViewVC.h; sourceTree = "<group>"; };
		27626D0C1DADEFED0087052D /* WebViewVC.m */ = {isa = PBXFileReference; fileEncoding = 4; lastKnownFileType = sourcecode.c.objc; path = WebViewVC.m; sourceTree = "<group>"; };
		276F2141214F97250097D91F /* DispatchTimerVC.h */ = {isa = PBXFileReference; lastKnownFileType = sourcecode.c.h; path = DispatchTimerVC.h; sourceTree = "<group>"; };
		276F2142214F97250097D91F /* DispatchTimerVC.m */ = {isa = PBXFileReference; lastKnownFileType = sourcecode.c.objc; path = DispatchTimerVC.m; sourceTree = "<group>"; };
		276F2145214F9B660097D91F /* KVOPerson.h */ = {isa = PBXFileReference; lastKnownFileType = sourcecode.c.h; path = KVOPerson.h; sourceTree = "<group>"; };
		276F2146214F9B660097D91F /* KVOPerson.m */ = {isa = PBXFileReference; lastKnownFileType = sourcecode.c.objc; path = KVOPerson.m; sourceTree = "<group>"; };
		276F2148214F9BA90097D91F /* KVOController.h */ = {isa = PBXFileReference; lastKnownFileType = sourcecode.c.h; path = KVOController.h; sourceTree = "<group>"; };
		276F2149214F9BA90097D91F /* KVOController.m */ = {isa = PBXFileReference; lastKnownFileType = sourcecode.c.objc; path = KVOController.m; sourceTree = "<group>"; };
		276F214B214FA40C0097D91F /* KVOAccount.h */ = {isa = PBXFileReference; lastKnownFileType = sourcecode.c.h; path = KVOAccount.h; sourceTree = "<group>"; };
		276F214C214FA40C0097D91F /* KVOAccount.m */ = {isa = PBXFileReference; lastKnownFileType = sourcecode.c.objc; path = KVOAccount.m; sourceTree = "<group>"; };
		2776550B1D7ECE5D0086892E /* CommonUtils.h */ = {isa = PBXFileReference; fileEncoding = 4; lastKnownFileType = sourcecode.c.h; path = CommonUtils.h; sourceTree = "<group>"; };
		2776550C1D7ECE5D0086892E /* CommonUtils.m */ = {isa = PBXFileReference; fileEncoding = 4; lastKnownFileType = sourcecode.c.objc; path = CommonUtils.m; sourceTree = "<group>"; };
		2776550F1D7ECE8C0086892E /* ManagerImageCLVCell.h */ = {isa = PBXFileReference; fileEncoding = 4; lastKnownFileType = sourcecode.c.h; path = ManagerImageCLVCell.h; sourceTree = "<group>"; };
		277655101D7ECE8C0086892E /* ManagerImageCLVCell.m */ = {isa = PBXFileReference; fileEncoding = 4; lastKnownFileType = sourcecode.c.objc; path = ManagerImageCLVCell.m; sourceTree = "<group>"; };
		277655111D7ECE8C0086892E /* ManagerImageCLVCell.xib */ = {isa = PBXFileReference; fileEncoding = 4; lastKnownFileType = file.xib; path = ManagerImageCLVCell.xib; sourceTree = "<group>"; };
		277655121D7ECE8C0086892E /* ManagerSayCell.h */ = {isa = PBXFileReference; fileEncoding = 4; lastKnownFileType = sourcecode.c.h; path = ManagerSayCell.h; sourceTree = "<group>"; };
		277655131D7ECE8C0086892E /* ManagerSayCell.m */ = {isa = PBXFileReference; fileEncoding = 4; lastKnownFileType = sourcecode.c.objc; path = ManagerSayCell.m; sourceTree = "<group>"; };
		277655141D7ECE8C0086892E /* ManagerSayCell.xib */ = {isa = PBXFileReference; fileEncoding = 4; lastKnownFileType = file.xib; path = ManagerSayCell.xib; sourceTree = "<group>"; };
		277655191D7ECEBC0086892E /* CellHeightVC2.h */ = {isa = PBXFileReference; fileEncoding = 4; lastKnownFileType = sourcecode.c.h; path = CellHeightVC2.h; sourceTree = "<group>"; };
		2776551A1D7ECEBC0086892E /* CellHeightVC2.m */ = {isa = PBXFileReference; fileEncoding = 4; lastKnownFileType = sourcecode.c.objc; path = CellHeightVC2.m; sourceTree = "<group>"; };
		2776551C1D7ECFB80086892E /* icon.png */ = {isa = PBXFileReference; lastKnownFileType = image.png; path = icon.png; sourceTree = "<group>"; };
		2777FB511D93B03D007EC8DA /* PageCollectionViewCell.h */ = {isa = PBXFileReference; fileEncoding = 4; lastKnownFileType = sourcecode.c.h; path = PageCollectionViewCell.h; sourceTree = "<group>"; };
		2777FB521D93B03D007EC8DA /* PageCollectionViewCell.m */ = {isa = PBXFileReference; fileEncoding = 4; lastKnownFileType = sourcecode.c.objc; path = PageCollectionViewCell.m; sourceTree = "<group>"; };
		2777FB531D93B03D007EC8DA /* PageCollectionViewCell.xib */ = {isa = PBXFileReference; fileEncoding = 4; lastKnownFileType = file.xib; path = PageCollectionViewCell.xib; sourceTree = "<group>"; };
		278B23371E6E40B600457A72 /* TableHeaderViewVC.h */ = {isa = PBXFileReference; fileEncoding = 4; lastKnownFileType = sourcecode.c.h; path = TableHeaderViewVC.h; sourceTree = "<group>"; };
		278B23381E6E40B600457A72 /* TableHeaderViewVC.m */ = {isa = PBXFileReference; fileEncoding = 4; lastKnownFileType = sourcecode.c.objc; path = TableHeaderViewVC.m; sourceTree = "<group>"; };
		278B233A1E6E572A00457A72 /* UIScrollView+SpringHeadView.h */ = {isa = PBXFileReference; fileEncoding = 4; lastKnownFileType = sourcecode.c.h; path = "UIScrollView+SpringHeadView.h"; sourceTree = "<group>"; };
		278B233B1E6E572A00457A72 /* UIScrollView+SpringHeadView.m */ = {isa = PBXFileReference; fileEncoding = 4; lastKnownFileType = sourcecode.c.objc; path = "UIScrollView+SpringHeadView.m"; sourceTree = "<group>"; };
		278CBE211D66F86500B502BF /* GithubDemoTest.app */ = {isa = PBXFileReference; explicitFileType = wrapper.application; includeInIndex = 0; path = GithubDemoTest.app; sourceTree = BUILT_PRODUCTS_DIR; };
		278CBE251D66F86500B502BF /* main.m */ = {isa = PBXFileReference; lastKnownFileType = sourcecode.c.objc; path = main.m; sourceTree = "<group>"; };
		278CBE271D66F86500B502BF /* AppDelegate.h */ = {isa = PBXFileReference; lastKnownFileType = sourcecode.c.h; path = AppDelegate.h; sourceTree = "<group>"; };
		278CBE281D66F86500B502BF /* AppDelegate.m */ = {isa = PBXFileReference; lastKnownFileType = sourcecode.c.objc; path = AppDelegate.m; sourceTree = "<group>"; };
		278CBE301D66F86500B502BF /* Assets.xcassets */ = {isa = PBXFileReference; lastKnownFileType = folder.assetcatalog; path = Assets.xcassets; sourceTree = "<group>"; };
		278CBE331D66F86500B502BF /* Base */ = {isa = PBXFileReference; lastKnownFileType = file.storyboard; name = Base; path = Base.lproj/LaunchScreen.storyboard; sourceTree = "<group>"; };
		278CBE351D66F86500B502BF /* Info.plist */ = {isa = PBXFileReference; lastKnownFileType = text.plist.xml; path = Info.plist; sourceTree = "<group>"; };
		278CBE3D1D66F8DF00B502BF /* HomeVC.h */ = {isa = PBXFileReference; fileEncoding = 4; lastKnownFileType = sourcecode.c.h; path = HomeVC.h; sourceTree = "<group>"; };
		278CBE3E1D66F8DF00B502BF /* HomeVC.m */ = {isa = PBXFileReference; fileEncoding = 4; lastKnownFileType = sourcecode.c.objc; path = HomeVC.m; sourceTree = "<group>"; };
		278CBE411D66FD5800B502BF /* Header.h */ = {isa = PBXFileReference; lastKnownFileType = sourcecode.c.h; path = Header.h; sourceTree = "<group>"; };
		278CBE421D67031700B502BF /* Utils.h */ = {isa = PBXFileReference; fileEncoding = 4; lastKnownFileType = sourcecode.c.h; path = Utils.h; sourceTree = "<group>"; };
		278CBE431D67031700B502BF /* Utils.m */ = {isa = PBXFileReference; fileEncoding = 4; lastKnownFileType = sourcecode.c.objc; path = Utils.m; sourceTree = "<group>"; };
		27A07C151D73D67F0031CCA2 /* PopMenuTableView.h */ = {isa = PBXFileReference; fileEncoding = 4; lastKnownFileType = sourcecode.c.h; path = PopMenuTableView.h; sourceTree = "<group>"; };
		27A07C161D73D67F0031CCA2 /* PopMenuTableView.m */ = {isa = PBXFileReference; fileEncoding = 4; lastKnownFileType = sourcecode.c.objc; path = PopMenuTableView.m; sourceTree = "<group>"; };
		27A07C361D73D7340031CCA2 /* item_battle@2x.png */ = {isa = PBXFileReference; lastKnownFileType = image.png; path = "item_battle@2x.png"; sourceTree = "<group>"; };
		27A07C371D73D7340031CCA2 /* item_chat@2x.png */ = {isa = PBXFileReference; lastKnownFileType = image.png; path = "item_chat@2x.png"; sourceTree = "<group>"; };
		27A07C381D73D7340031CCA2 /* item_list@2x.png */ = {isa = PBXFileReference; lastKnownFileType = image.png; path = "item_list@2x.png"; sourceTree = "<group>"; };
		27A07C391D73D7340031CCA2 /* item_school@2x.png */ = {isa = PBXFileReference; lastKnownFileType = image.png; path = "item_school@2x.png"; sourceTree = "<group>"; };
		27A07C3A1D73D7340031CCA2 /* item_share@2x.png */ = {isa = PBXFileReference; lastKnownFileType = image.png; path = "item_share@2x.png"; sourceTree = "<group>"; };
		27A07C401D73D7450031CCA2 /* PopListVC.h */ = {isa = PBXFileReference; fileEncoding = 4; lastKnownFileType = sourcecode.c.h; path = PopListVC.h; sourceTree = "<group>"; };
		27A07C411D73D7450031CCA2 /* PopListVC.m */ = {isa = PBXFileReference; fileEncoding = 4; lastKnownFileType = sourcecode.c.objc; path = PopListVC.m; sourceTree = "<group>"; };
		27D4F6BF1D6BED2100135D6D /* POPAnimationVC.h */ = {isa = PBXFileReference; fileEncoding = 4; lastKnownFileType = sourcecode.c.h; path = POPAnimationVC.h; sourceTree = "<group>"; };
		27D4F6C01D6BED2100135D6D /* POPAnimationVC.m */ = {isa = PBXFileReference; fileEncoding = 4; lastKnownFileType = sourcecode.c.objc; path = POPAnimationVC.m; sourceTree = "<group>"; };
		27D4F6C31D6BED6600135D6D /* PhotoListVC.h */ = {isa = PBXFileReference; fileEncoding = 4; lastKnownFileType = sourcecode.c.h; path = PhotoListVC.h; sourceTree = "<group>"; };
		27D4F6C41D6BED6600135D6D /* PhotoListVC.m */ = {isa = PBXFileReference; fileEncoding = 4; lastKnownFileType = sourcecode.c.objc; path = PhotoListVC.m; sourceTree = "<group>"; };
		27D4F6D91D6C26D200135D6D /* HZPhotoBrowser.h */ = {isa = PBXFileReference; fileEncoding = 4; lastKnownFileType = sourcecode.c.h; path = HZPhotoBrowser.h; sourceTree = "<group>"; };
		27D4F6DA1D6C26D200135D6D /* HZPhotoBrowser.m */ = {isa = PBXFileReference; fileEncoding = 4; lastKnownFileType = sourcecode.c.objc; path = HZPhotoBrowser.m; sourceTree = "<group>"; };
		27D4F6DB1D6C26D200135D6D /* HZPhotoBrowserConfig.h */ = {isa = PBXFileReference; fileEncoding = 4; lastKnownFileType = sourcecode.c.h; path = HZPhotoBrowserConfig.h; sourceTree = "<group>"; };
		27D4F6DC1D6C26D200135D6D /* HZPhotoBrowserView.h */ = {isa = PBXFileReference; fileEncoding = 4; lastKnownFileType = sourcecode.c.h; path = HZPhotoBrowserView.h; sourceTree = "<group>"; };
		27D4F6DD1D6C26D200135D6D /* HZPhotoBrowserView.m */ = {isa = PBXFileReference; fileEncoding = 4; lastKnownFileType = sourcecode.c.objc; path = HZPhotoBrowserView.m; sourceTree = "<group>"; };
		27D4F6DE1D6C26D200135D6D /* HZPhotoGroup.h */ = {isa = PBXFileReference; fileEncoding = 4; lastKnownFileType = sourcecode.c.h; path = HZPhotoGroup.h; sourceTree = "<group>"; };
		27D4F6DF1D6C26D200135D6D /* HZPhotoGroup.m */ = {isa = PBXFileReference; fileEncoding = 4; lastKnownFileType = sourcecode.c.objc; path = HZPhotoGroup.m; sourceTree = "<group>"; };
		27D4F6E01D6C26D200135D6D /* HZPhotoItem.h */ = {isa = PBXFileReference; fileEncoding = 4; lastKnownFileType = sourcecode.c.h; path = HZPhotoItem.h; sourceTree = "<group>"; };
		27D4F6E11D6C26D200135D6D /* HZPhotoItem.m */ = {isa = PBXFileReference; fileEncoding = 4; lastKnownFileType = sourcecode.c.objc; path = HZPhotoItem.m; sourceTree = "<group>"; };
		27D4F6E21D6C26D200135D6D /* HZWaitingView.h */ = {isa = PBXFileReference; fileEncoding = 4; lastKnownFileType = sourcecode.c.h; path = HZWaitingView.h; sourceTree = "<group>"; };
		27D4F6E31D6C26D200135D6D /* HZWaitingView.m */ = {isa = PBXFileReference; fileEncoding = 4; lastKnownFileType = sourcecode.c.objc; path = HZWaitingView.m; sourceTree = "<group>"; };
		27D4F6E41D6C26D200135D6D /* whiteplaceholder.png */ = {isa = PBXFileReference; lastKnownFileType = image.png; path = whiteplaceholder.png; sourceTree = "<group>"; };
		27D4F6EC1D6C294000135D6D /* BaseVC.h */ = {isa = PBXFileReference; fileEncoding = 4; lastKnownFileType = sourcecode.c.h; path = BaseVC.h; sourceTree = "<group>"; };
		27D4F6ED1D6C294000135D6D /* BaseVC.m */ = {isa = PBXFileReference; fileEncoding = 4; lastKnownFileType = sourcecode.c.objc; path = BaseVC.m; sourceTree = "<group>"; };
		27FA85CB1D92205600340A5B /* CollectionViewPageVC.h */ = {isa = PBXFileReference; fileEncoding = 4; lastKnownFileType = sourcecode.c.h; path = CollectionViewPageVC.h; sourceTree = "<group>"; };
		27FA85CC1D92205600340A5B /* CollectionViewPageVC.m */ = {isa = PBXFileReference; fileEncoding = 4; lastKnownFileType = sourcecode.c.objc; path = CollectionViewPageVC.m; sourceTree = "<group>"; };
		27FA85D11D92205600340A5B /* PageCollectionViewFlowLayout.h */ = {isa = PBXFileReference; fileEncoding = 4; lastKnownFileType = sourcecode.c.h; path = PageCollectionViewFlowLayout.h; sourceTree = "<group>"; };
		27FA85D21D92205600340A5B /* PageCollectionViewFlowLayout.m */ = {isa = PBXFileReference; fileEncoding = 4; lastKnownFileType = sourcecode.c.objc; path = PageCollectionViewFlowLayout.m; sourceTree = "<group>"; };
		27FA85D31D92205600340A5B /* PagedView.h */ = {isa = PBXFileReference; fileEncoding = 4; lastKnownFileType = sourcecode.c.h; path = PagedView.h; sourceTree = "<group>"; };
		27FA85D41D92205600340A5B /* PagedView.m */ = {isa = PBXFileReference; fileEncoding = 4; lastKnownFileType = sourcecode.c.objc; path = PagedView.m; sourceTree = "<group>"; };
		27FA85D51D92205600340A5B /* PagedView.xib */ = {isa = PBXFileReference; fileEncoding = 4; lastKnownFileType = file.xib; path = PagedView.xib; sourceTree = "<group>"; };
		7BE96C65B4CA25F7E78D0B7A /* libPods-GithubDemoTest.a */ = {isa = PBXFileReference; explicitFileType = archive.ar; includeInIndex = 0; path = "libPods-GithubDemoTest.a"; sourceTree = BUILT_PRODUCTS_DIR; };
		96FB36849E76CE03077802EE /* Pods-GithubDemoTest.debug.xcconfig */ = {isa = PBXFileReference; includeInIndex = 1; lastKnownFileType = text.xcconfig; name = "Pods-GithubDemoTest.debug.xcconfig"; path = "Pods/Target Support Files/Pods-GithubDemoTest/Pods-GithubDemoTest.debug.xcconfig"; sourceTree = "<group>"; };
		B321EAEA77655436FE0768D1 /* Pods-GithubDemoTest.release.xcconfig */ = {isa = PBXFileReference; includeInIndex = 1; lastKnownFileType = text.xcconfig; name = "Pods-GithubDemoTest.release.xcconfig"; path = "Pods/Target Support Files/Pods-GithubDemoTest/Pods-GithubDemoTest.release.xcconfig"; sourceTree = "<group>"; };
/* End PBXFileReference section */

/* Begin PBXFrameworksBuildPhase section */
		278CBE1E1D66F86500B502BF /* Frameworks */ = {
			isa = PBXFrameworksBuildPhase;
			buildActionMask = 2147483647;
			files = (
				2D0C7B76D16893F77F6ACDEA /* libPods-GithubDemoTest.a in Frameworks */,
			);
			runOnlyForDeploymentPostprocessing = 0;
		};
/* End PBXFrameworksBuildPhase section */

/* Begin PBXGroup section */
		03049DC86EDA850A39C57689 /* Pods */ = {
			isa = PBXGroup;
			children = (
				96FB36849E76CE03077802EE /* Pods-GithubDemoTest.debug.xcconfig */,
				B321EAEA77655436FE0768D1 /* Pods-GithubDemoTest.release.xcconfig */,
			);
			name = Pods;
			sourceTree = "<group>";
		};
		272001B51E03C24600B03629 /* PhotoBrowser2 */ = {
			isa = PBXGroup;
			children = (
				272001B61E03C24600B03629 /* PhotoListVC2.h */,
				272001B71E03C24600B03629 /* PhotoListVC2.m */,
				272001B91E03C3DF00B03629 /* PhotoBrowser */,
			);
			path = PhotoBrowser2;
			sourceTree = "<group>";
		};
		272001B91E03C3DF00B03629 /* PhotoBrowser */ = {
			isa = PBXGroup;
			children = (
				272001BA1E03C3DF00B03629 /* Info.plist */,
				272001BB1E03C3DF00B03629 /* PBImageScrollerViewController.h */,
				272001BC1E03C3DF00B03629 /* PBImageScrollerViewController.m */,
				272001BD1E03C3DF00B03629 /* PBImageScrollView+internal.h */,
				272001BE1E03C3DF00B03629 /* PBImageScrollView.h */,
				272001BF1E03C3DF00B03629 /* PBImageScrollView.m */,
				272001C01E03C3DF00B03629 /* PBPresentAnimatedTransitioningController.h */,
				272001C11E03C3DF00B03629 /* PBPresentAnimatedTransitioningController.m */,
				272001C21E03C3DF00B03629 /* PBViewController.h */,
				272001C31E03C3DF00B03629 /* PBViewController.m */,
				272001C41E03C3DF00B03629 /* PhotoBrowser.h */,
				272001C51E03C3DF00B03629 /* UIView+PBSnapshot.h */,
				272001C61E03C3DF00B03629 /* UIView+PBSnapshot.m */,
			);
			name = PhotoBrowser;
			path = Sources;
			sourceTree = "<group>";
		};
		2739AB3B1D7555C400135DD5 /* TransitionVC */ = {
			isa = PBXGroup;
			children = (
				2739AB3C1D75561D00135DD5 /* NavigationControllerDelegate.h */,
				2739AB3D1D75561D00135DD5 /* NavigationControllerDelegate.m */,
				2739AB3F1D75571100135DD5 /* MyAnimator.h */,
				2739AB401D75571100135DD5 /* MyAnimator.m */,
				2739AB421D7559E200135DD5 /* MyVC1.h */,
				2739AB431D7559E200135DD5 /* MyVC1.m */,
				2739AB451D7559F200135DD5 /* MyVC2.h */,
				2739AB461D7559F200135DD5 /* MyVC2.m */,
			);
			path = TransitionVC;
			sourceTree = "<group>";
		};
		27626D0A1DADEFCC0087052D /* WebView */ = {
			isa = PBXGroup;
			children = (
				27626D0B1DADEFED0087052D /* WebViewVC.h */,
				27626D0C1DADEFED0087052D /* WebViewVC.m */,
			);
			path = WebView;
			sourceTree = "<group>";
		};
		276F2140214F96F20097D91F /* DispatchTimer */ = {
			isa = PBXGroup;
			children = (
				276F2141214F97250097D91F /* DispatchTimerVC.h */,
				276F2142214F97250097D91F /* DispatchTimerVC.m */,
			);
			path = DispatchTimer;
			sourceTree = "<group>";
		};
		276F2144214F9B3A0097D91F /* KVOTest */ = {
			isa = PBXGroup;
			children = (
				276F2145214F9B660097D91F /* KVOPerson.h */,
				276F2146214F9B660097D91F /* KVOPerson.m */,
				276F2148214F9BA90097D91F /* KVOController.h */,
				276F2149214F9BA90097D91F /* KVOController.m */,
				276F214B214FA40C0097D91F /* KVOAccount.h */,
				276F214C214FA40C0097D91F /* KVOAccount.m */,
			);
			path = KVOTest;
			sourceTree = "<group>";
		};
		2776550E1D7ECE8C0086892E /* CellHeight */ = {
			isa = PBXGroup;
			children = (
				2776550F1D7ECE8C0086892E /* ManagerImageCLVCell.h */,
				277655101D7ECE8C0086892E /* ManagerImageCLVCell.m */,
				277655111D7ECE8C0086892E /* ManagerImageCLVCell.xib */,
				277655121D7ECE8C0086892E /* ManagerSayCell.h */,
				277655131D7ECE8C0086892E /* ManagerSayCell.m */,
				277655141D7ECE8C0086892E /* ManagerSayCell.xib */,
				277655191D7ECEBC0086892E /* CellHeightVC2.h */,
				2776551A1D7ECEBC0086892E /* CellHeightVC2.m */,
			);
			path = CellHeight;
			sourceTree = "<group>";
		};
		278B23361E6E409700457A72 /* TableHeadView */ = {
			isa = PBXGroup;
			children = (
				278B23371E6E40B600457A72 /* TableHeaderViewVC.h */,
				278B23381E6E40B600457A72 /* TableHeaderViewVC.m */,
				278B233A1E6E572A00457A72 /* UIScrollView+SpringHeadView.h */,
				278B233B1E6E572A00457A72 /* UIScrollView+SpringHeadView.m */,
			);
			path = TableHeadView;
			sourceTree = "<group>";
		};
		278CBE181D66F86500B502BF = {
			isa = PBXGroup;
			children = (
				278CBE231D66F86500B502BF /* GithubDemoTest */,
				278CBE221D66F86500B502BF /* Products */,
				03049DC86EDA850A39C57689 /* Pods */,
				3CFC3CF6194191F28DC16149 /* Frameworks */,
			);
			sourceTree = "<group>";
		};
		278CBE221D66F86500B502BF /* Products */ = {
			isa = PBXGroup;
			children = (
				278CBE211D66F86500B502BF /* GithubDemoTest.app */,
			);
			name = Products;
			sourceTree = "<group>";
		};
		278CBE231D66F86500B502BF /* GithubDemoTest */ = {
			isa = PBXGroup;
			children = (
				27D4F6EB1D6C293500135D6D /* Base */,
				278CBE401D66FD2C00B502BF /* Common */,
				278CBE3C1D66F8BC00B502BF /* My Files */,
				278CBE3B1D66F88100B502BF /* Supporting Files */,
			);
			path = GithubDemoTest;
			sourceTree = "<group>";
		};
		278CBE3B1D66F88100B502BF /* Supporting Files */ = {
			isa = PBXGroup;
			children = (
				2776551C1D7ECFB80086892E /* icon.png */,
				278CBE251D66F86500B502BF /* main.m */,
				278CBE271D66F86500B502BF /* AppDelegate.h */,
				278CBE281D66F86500B502BF /* AppDelegate.m */,
				278CBE301D66F86500B502BF /* Assets.xcassets */,
				278CBE321D66F86500B502BF /* LaunchScreen.storyboard */,
				278CBE351D66F86500B502BF /* Info.plist */,
			);
			name = "Supporting Files";
			sourceTree = "<group>";
		};
		278CBE3C1D66F8BC00B502BF /* My Files */ = {
			isa = PBXGroup;
			children = (
				276F2144214F9B3A0097D91F /* KVOTest */,
				276F2140214F96F20097D91F /* DispatchTimer */,
				2776550E1D7ECE8C0086892E /* CellHeight */,
				27FA85CA1D92205600340A5B /* CollectionViewPage */,
				27D4F6C21D6BED3900135D6D /* PhotoBrowser */,
				272001B51E03C24600B03629 /* PhotoBrowser2 */,
				27D4F6BE1D6BED2100135D6D /* PopAnimation */,
				27A07C0D1D73D67F0031CCA2 /* PopListView */,
				278B23361E6E409700457A72 /* TableHeadView */,
				2739AB3B1D7555C400135DD5 /* TransitionVC */,
				27626D0A1DADEFCC0087052D /* WebView */,
			);
			path = "My Files";
			sourceTree = "<group>";
		};
		278CBE401D66FD2C00B502BF /* Common */ = {
			isa = PBXGroup;
			children = (
				2776550B1D7ECE5D0086892E /* CommonUtils.h */,
				2776550C1D7ECE5D0086892E /* CommonUtils.m */,
				278CBE411D66FD5800B502BF /* Header.h */,
				278CBE421D67031700B502BF /* Utils.h */,
				278CBE431D67031700B502BF /* Utils.m */,
			);
			path = Common;
			sourceTree = "<group>";
		};
		27A07C0D1D73D67F0031CCA2 /* PopListView */ = {
			isa = PBXGroup;
			children = (
				27A07C351D73D7340031CCA2 /* demo_images */,
				27A07C0E1D73D67F0031CCA2 /* PopListView */,
				27A07C401D73D7450031CCA2 /* PopListVC.h */,
				27A07C411D73D7450031CCA2 /* PopListVC.m */,
			);
			path = PopListView;
			sourceTree = "<group>";
		};
		27A07C0E1D73D67F0031CCA2 /* PopListView */ = {
			isa = PBXGroup;
			children = (
				27A07C151D73D67F0031CCA2 /* PopMenuTableView.h */,
				27A07C161D73D67F0031CCA2 /* PopMenuTableView.m */,
			);
			path = PopListView;
			sourceTree = "<group>";
		};
		27A07C351D73D7340031CCA2 /* demo_images */ = {
			isa = PBXGroup;
			children = (
				27A07C361D73D7340031CCA2 /* item_battle@2x.png */,
				27A07C371D73D7340031CCA2 /* item_chat@2x.png */,
				27A07C381D73D7340031CCA2 /* item_list@2x.png */,
				27A07C391D73D7340031CCA2 /* item_school@2x.png */,
				27A07C3A1D73D7340031CCA2 /* item_share@2x.png */,
			);
			path = demo_images;
			sourceTree = "<group>";
		};
		27D4F6BE1D6BED2100135D6D /* PopAnimation */ = {
			isa = PBXGroup;
			children = (
				27D4F6BF1D6BED2100135D6D /* POPAnimationVC.h */,
				27D4F6C01D6BED2100135D6D /* POPAnimationVC.m */,
			);
			path = PopAnimation;
			sourceTree = "<group>";
		};
		27D4F6C21D6BED3900135D6D /* PhotoBrowser */ = {
			isa = PBXGroup;
			children = (
				27D4F6C31D6BED6600135D6D /* PhotoListVC.h */,
				27D4F6C41D6BED6600135D6D /* PhotoListVC.m */,
				27D4F6D81D6C26D100135D6D /* PhotoLib */,
			);
			path = PhotoBrowser;
			sourceTree = "<group>";
		};
		27D4F6D81D6C26D100135D6D /* PhotoLib */ = {
			isa = PBXGroup;
			children = (
				27D4F6D91D6C26D200135D6D /* HZPhotoBrowser.h */,
				27D4F6DA1D6C26D200135D6D /* HZPhotoBrowser.m */,
				27D4F6DB1D6C26D200135D6D /* HZPhotoBrowserConfig.h */,
				27D4F6DC1D6C26D200135D6D /* HZPhotoBrowserView.h */,
				27D4F6DD1D6C26D200135D6D /* HZPhotoBrowserView.m */,
				27D4F6DE1D6C26D200135D6D /* HZPhotoGroup.h */,
				27D4F6DF1D6C26D200135D6D /* HZPhotoGroup.m */,
				27D4F6E01D6C26D200135D6D /* HZPhotoItem.h */,
				27D4F6E11D6C26D200135D6D /* HZPhotoItem.m */,
				27D4F6E21D6C26D200135D6D /* HZWaitingView.h */,
				27D4F6E31D6C26D200135D6D /* HZWaitingView.m */,
				27D4F6E41D6C26D200135D6D /* whiteplaceholder.png */,
			);
			path = PhotoLib;
			sourceTree = "<group>";
		};
		27D4F6EB1D6C293500135D6D /* Base */ = {
			isa = PBXGroup;
			children = (
				27D4F6EC1D6C294000135D6D /* BaseVC.h */,
				27D4F6ED1D6C294000135D6D /* BaseVC.m */,
				278CBE3D1D66F8DF00B502BF /* HomeVC.h */,
				278CBE3E1D66F8DF00B502BF /* HomeVC.m */,
			);
			path = Base;
			sourceTree = "<group>";
		};
		27FA85CA1D92205600340A5B /* CollectionViewPage */ = {
			isa = PBXGroup;
			children = (
				2777FB511D93B03D007EC8DA /* PageCollectionViewCell.h */,
				2777FB521D93B03D007EC8DA /* PageCollectionViewCell.m */,
				2777FB531D93B03D007EC8DA /* PageCollectionViewCell.xib */,
				27FA85CB1D92205600340A5B /* CollectionViewPageVC.h */,
				27FA85CC1D92205600340A5B /* CollectionViewPageVC.m */,
				27FA85CD1D92205600340A5B /* PagedView */,
			);
			path = CollectionViewPage;
			sourceTree = "<group>";
		};
		27FA85CD1D92205600340A5B /* PagedView */ = {
			isa = PBXGroup;
			children = (
				27FA85D11D92205600340A5B /* PageCollectionViewFlowLayout.h */,
				27FA85D21D92205600340A5B /* PageCollectionViewFlowLayout.m */,
				27FA85D31D92205600340A5B /* PagedView.h */,
				27FA85D41D92205600340A5B /* PagedView.m */,
				27FA85D51D92205600340A5B /* PagedView.xib */,
			);
			path = PagedView;
			sourceTree = "<group>";
		};
		3CFC3CF6194191F28DC16149 /* Frameworks */ = {
			isa = PBXGroup;
			children = (
				7BE96C65B4CA25F7E78D0B7A /* libPods-GithubDemoTest.a */,
			);
			name = Frameworks;
			sourceTree = "<group>";
		};
/* End PBXGroup section */

/* Begin PBXNativeTarget section */
		278CBE201D66F86500B502BF /* GithubDemoTest */ = {
			isa = PBXNativeTarget;
			buildConfigurationList = 278CBE381D66F86500B502BF /* Build configuration list for PBXNativeTarget "GithubDemoTest" */;
			buildPhases = (
				145BAA945F5EF404FFB61AAE /* [CP] Check Pods Manifest.lock */,
				278CBE1D1D66F86500B502BF /* Sources */,
				278CBE1E1D66F86500B502BF /* Frameworks */,
				278CBE1F1D66F86500B502BF /* Resources */,
			);
			buildRules = (
			);
			dependencies = (
			);
			name = GithubDemoTest;
			productName = GithubDemoTest;
			productReference = 278CBE211D66F86500B502BF /* GithubDemoTest.app */;
			productType = "com.apple.product-type.application";
		};
/* End PBXNativeTarget section */

/* Begin PBXProject section */
		278CBE191D66F86500B502BF /* Project object */ = {
			isa = PBXProject;
			attributes = {
				LastUpgradeCheck = 0940;
				ORGANIZATIONNAME = com.bm.hb;
				TargetAttributes = {
					278CBE201D66F86500B502BF = {
						CreatedOnToolsVersion = 7.3.1;
						DevelopmentTeam = D6S7RV872E;
					};
				};
			};
			buildConfigurationList = 278CBE1C1D66F86500B502BF /* Build configuration list for PBXProject "GithubDemoTest" */;
			compatibilityVersion = "Xcode 3.2";
			developmentRegion = English;
			hasScannedForEncodings = 0;
			knownRegions = (
				en,
				Base,
			);
			mainGroup = 278CBE181D66F86500B502BF;
			productRefGroup = 278CBE221D66F86500B502BF /* Products */;
			projectDirPath = "";
			projectRoot = "";
			targets = (
				278CBE201D66F86500B502BF /* GithubDemoTest */,
			);
		};
/* End PBXProject section */

/* Begin PBXResourcesBuildPhase section */
		278CBE1F1D66F86500B502BF /* Resources */ = {
			isa = PBXResourcesBuildPhase;
			buildActionMask = 2147483647;
			files = (
				27A07C3B1D73D7340031CCA2 /* item_battle@2x.png in Resources */,
				278CBE341D66F86500B502BF /* LaunchScreen.storyboard in Resources */,
				27D4F6EA1D6C26D200135D6D /* whiteplaceholder.png in Resources */,
				278CBE311D66F86500B502BF /* Assets.xcassets in Resources */,
				27A07C3E1D73D7340031CCA2 /* item_school@2x.png in Resources */,
				27A07C3C1D73D7340031CCA2 /* item_chat@2x.png in Resources */,
				2777FB551D93B03D007EC8DA /* PageCollectionViewCell.xib in Resources */,
				27A07C3D1D73D7340031CCA2 /* item_list@2x.png in Resources */,
				2776551D1D7ECFB80086892E /* icon.png in Resources */,
				27A07C3F1D73D7340031CCA2 /* item_share@2x.png in Resources */,
				277655181D7ECE8C0086892E /* ManagerSayCell.xib in Resources */,
				277655161D7ECE8C0086892E /* ManagerImageCLVCell.xib in Resources */,
				27FA85DB1D92205600340A5B /* PagedView.xib in Resources */,
			);
			runOnlyForDeploymentPostprocessing = 0;
		};
/* End PBXResourcesBuildPhase section */

/* Begin PBXShellScriptBuildPhase section */
		145BAA945F5EF404FFB61AAE /* [CP] Check Pods Manifest.lock */ = {
			isa = PBXShellScriptBuildPhase;
			buildActionMask = 2147483647;
			files = (
			);
			inputPaths = (
				"${PODS_PODFILE_DIR_PATH}/Podfile.lock",
				"${PODS_ROOT}/Manifest.lock",
			);
			name = "[CP] Check Pods Manifest.lock";
			outputPaths = (
				"$(DERIVED_FILE_DIR)/Pods-GithubDemoTest-checkManifestLockResult.txt",
			);
			runOnlyForDeploymentPostprocessing = 0;
			shellPath = /bin/sh;
			shellScript = "diff \"${PODS_PODFILE_DIR_PATH}/Podfile.lock\" \"${PODS_ROOT}/Manifest.lock\" > /dev/null\nif [ $? != 0 ] ; then\n    # print error to STDERR\n    echo \"error: The sandbox is not in sync with the Podfile.lock. Run 'pod install' or update your CocoaPods installation.\" >&2\n    exit 1\nfi\n# This output is used by Xcode 'outputs' to avoid re-running this script phase.\necho \"SUCCESS\" > \"${SCRIPT_OUTPUT_FILE_0}\"\n";
			showEnvVarsInLog = 0;
		};
/* End PBXShellScriptBuildPhase section */

/* Begin PBXSourcesBuildPhase section */
		278CBE1D1D66F86500B502BF /* Sources */ = {
			isa = PBXSourcesBuildPhase;
			buildActionMask = 2147483647;
			files = (
				2739AB441D7559E200135DD5 /* MyVC1.m in Sources */,
				278B233C1E6E572A00457A72 /* UIScrollView+SpringHeadView.m in Sources */,
				2776550D1D7ECE5D0086892E /* CommonUtils.m in Sources */,
				272001B81E03C24600B03629 /* PhotoListVC2.m in Sources */,
				278B23391E6E40B600457A72 /* TableHeaderViewVC.m in Sources */,
				2739AB3E1D75561E00135DD5 /* NavigationControllerDelegate.m in Sources */,
				278CBE3F1D66F8DF00B502BF /* HomeVC.m in Sources */,
				27FA85D61D92205600340A5B /* CollectionViewPageVC.m in Sources */,
				278CBE291D66F86500B502BF /* AppDelegate.m in Sources */,
				27D4F6E61D6C26D200135D6D /* HZPhotoBrowserView.m in Sources */,
				27D4F6EE1D6C294000135D6D /* BaseVC.m in Sources */,
				27626D0D1DADEFED0087052D /* WebViewVC.m in Sources */,
				277655171D7ECE8C0086892E /* ManagerSayCell.m in Sources */,
				2739AB471D7559F200135DD5 /* MyVC2.m in Sources */,
				277655151D7ECE8C0086892E /* ManagerImageCLVCell.m in Sources */,
				27D4F6E71D6C26D200135D6D /* HZPhotoGroup.m in Sources */,
				272001CC1E03C3DF00B03629 /* UIView+PBSnapshot.m in Sources */,
				2739AB411D75571100135DD5 /* MyAnimator.m in Sources */,
				276F2143214F97250097D91F /* DispatchTimerVC.m in Sources */,
				272001C91E03C3DF00B03629 /* PBImageScrollView.m in Sources */,
				276F214D214FA40C0097D91F /* KVOAccount.m in Sources */,
				27A07C1C1D73D67F0031CCA2 /* PopMenuTableView.m in Sources */,
				27D4F6E91D6C26D200135D6D /* HZWaitingView.m in Sources */,
				27D4F6C11D6BED2100135D6D /* POPAnimationVC.m in Sources */,
				27A07C421D73D7450031CCA2 /* PopListVC.m in Sources */,
				2777FB541D93B03D007EC8DA /* PageCollectionViewCell.m in Sources */,
				272001C81E03C3DF00B03629 /* PBImageScrollerViewController.m in Sources */,
				27D4F6E81D6C26D200135D6D /* HZPhotoItem.m in Sources */,
				27FA85D91D92205600340A5B /* PageCollectionViewFlowLayout.m in Sources */,
				276F214A214F9BA90097D91F /* KVOController.m in Sources */,
				272001CA1E03C3DF00B03629 /* PBPresentAnimatedTransitioningController.m in Sources */,
				278CBE441D67031700B502BF /* Utils.m in Sources */,
				27FA85DA1D92205600340A5B /* PagedView.m in Sources */,
				278CBE261D66F86500B502BF /* main.m in Sources */,
				27D4F6E51D6C26D200135D6D /* HZPhotoBrowser.m in Sources */,
				2776551B1D7ECEBC0086892E /* CellHeightVC2.m in Sources */,
				272001CB1E03C3DF00B03629 /* PBViewController.m in Sources */,
				27D4F6C51D6BED6600135D6D /* PhotoListVC.m in Sources */,
				276F2147214F9B660097D91F /* KVOPerson.m in Sources */,
			);
			runOnlyForDeploymentPostprocessing = 0;
		};
/* End PBXSourcesBuildPhase section */

/* Begin PBXVariantGroup section */
		278CBE321D66F86500B502BF /* LaunchScreen.storyboard */ = {
			isa = PBXVariantGroup;
			children = (
				278CBE331D66F86500B502BF /* Base */,
			);
			name = LaunchScreen.storyboard;
			sourceTree = "<group>";
		};
/* End PBXVariantGroup section */

/* Begin XCBuildConfiguration section */
		278CBE361D66F86500B502BF /* Debug */ = {
			isa = XCBuildConfiguration;
			buildSettings = {
				ALWAYS_SEARCH_USER_PATHS = NO;
				CLANG_ANALYZER_NONNULL = YES;
				CLANG_CXX_LANGUAGE_STANDARD = "gnu++0x";
				CLANG_CXX_LIBRARY = "libc++";
				CLANG_ENABLE_MODULES = YES;
				CLANG_ENABLE_OBJC_ARC = YES;
				CLANG_WARN_BLOCK_CAPTURE_AUTORELEASING = YES;
				CLANG_WARN_BOOL_CONVERSION = YES;
				CLANG_WARN_COMMA = YES;
				CLANG_WARN_CONSTANT_CONVERSION = YES;
				CLANG_WARN_DEPRECATED_OBJC_IMPLEMENTATIONS = YES;
				CLANG_WARN_DIRECT_OBJC_ISA_USAGE = YES_ERROR;
				CLANG_WARN_EMPTY_BODY = YES;
				CLANG_WARN_ENUM_CONVERSION = YES;
				CLANG_WARN_INFINITE_RECURSION = YES;
				CLANG_WARN_INT_CONVERSION = YES;
				CLANG_WARN_NON_LITERAL_NULL_CONVERSION = YES;
				CLANG_WARN_OBJC_IMPLICIT_RETAIN_SELF = YES;
				CLANG_WARN_OBJC_LITERAL_CONVERSION = YES;
				CLANG_WARN_OBJC_ROOT_CLASS = YES_ERROR;
				CLANG_WARN_RANGE_LOOP_ANALYSIS = YES;
				CLANG_WARN_STRICT_PROTOTYPES = YES;
				CLANG_WARN_SUSPICIOUS_MOVE = YES;
				CLANG_WARN_UNREACHABLE_CODE = YES;
				CLANG_WARN__DUPLICATE_METHOD_MATCH = YES;
				"CODE_SIGN_IDENTITY[sdk=iphoneos*]" = "iPhone Developer";
				COPY_PHASE_STRIP = NO;
				DEBUG_INFORMATION_FORMAT = dwarf;
				ENABLE_STRICT_OBJC_MSGSEND = YES;
				ENABLE_TESTABILITY = YES;
				GCC_C_LANGUAGE_STANDARD = gnu99;
				GCC_DYNAMIC_NO_PIC = NO;
				GCC_NO_COMMON_BLOCKS = YES;
				GCC_OPTIMIZATION_LEVEL = 0;
				GCC_PREPROCESSOR_DEFINITIONS = (
					"DEBUG=1",
					"$(inherited)",
				);
				GCC_WARN_64_TO_32_BIT_CONVERSION = YES;
				GCC_WARN_ABOUT_RETURN_TYPE = YES_ERROR;
				GCC_WARN_UNDECLARED_SELECTOR = YES;
				GCC_WARN_UNINITIALIZED_AUTOS = YES_AGGRESSIVE;
				GCC_WARN_UNUSED_FUNCTION = YES;
				GCC_WARN_UNUSED_VARIABLE = YES;
				IPHONEOS_DEPLOYMENT_TARGET = 9.0;
				MTL_ENABLE_DEBUG_INFO = YES;
				ONLY_ACTIVE_ARCH = YES;
				SDKROOT = iphoneos;
				TARGETED_DEVICE_FAMILY = "1,2";
			};
			name = Debug;
		};
		278CBE371D66F86500B502BF /* Release */ = {
			isa = XCBuildConfiguration;
			buildSettings = {
				ALWAYS_SEARCH_USER_PATHS = NO;
				CLANG_ANALYZER_NONNULL = YES;
				CLANG_CXX_LANGUAGE_STANDARD = "gnu++0x";
				CLANG_CXX_LIBRARY = "libc++";
				CLANG_ENABLE_MODULES = YES;
				CLANG_ENABLE_OBJC_ARC = YES;
				CLANG_WARN_BLOCK_CAPTURE_AUTORELEASING = YES;
				CLANG_WARN_BOOL_CONVERSION = YES;
				CLANG_WARN_COMMA = YES;
				CLANG_WARN_CONSTANT_CONVERSION = YES;
				CLANG_WARN_DEPRECATED_OBJC_IMPLEMENTATIONS = YES;
				CLANG_WARN_DIRECT_OBJC_ISA_USAGE = YES_ERROR;
				CLANG_WARN_EMPTY_BODY = YES;
				CLANG_WARN_ENUM_CONVERSION = YES;
				CLANG_WARN_INFINITE_RECURSION = YES;
				CLANG_WARN_INT_CONVERSION = YES;
				CLANG_WARN_NON_LITERAL_NULL_CONVERSION = YES;
				CLANG_WARN_OBJC_IMPLICIT_RETAIN_SELF = YES;
				CLANG_WARN_OBJC_LITERAL_CONVERSION = YES;
				CLANG_WARN_OBJC_ROOT_CLASS = YES_ERROR;
				CLANG_WARN_RANGE_LOOP_ANALYSIS = YES;
				CLANG_WARN_STRICT_PROTOTYPES = YES;
				CLANG_WARN_SUSPICIOUS_MOVE = YES;
				CLANG_WARN_UNREACHABLE_CODE = YES;
				CLANG_WARN__DUPLICATE_METHOD_MATCH = YES;
				"CODE_SIGN_IDENTITY[sdk=iphoneos*]" = "iPhone Developer";
				COPY_PHASE_STRIP = NO;
				DEBUG_INFORMATION_FORMAT = "dwarf-with-dsym";
				ENABLE_NS_ASSERTIONS = NO;
				ENABLE_STRICT_OBJC_MSGSEND = YES;
				GCC_C_LANGUAGE_STANDARD = gnu99;
				GCC_NO_COMMON_BLOCKS = YES;
				GCC_WARN_64_TO_32_BIT_CONVERSION = YES;
				GCC_WARN_ABOUT_RETURN_TYPE = YES_ERROR;
				GCC_WARN_UNDECLARED_SELECTOR = YES;
				GCC_WARN_UNINITIALIZED_AUTOS = YES_AGGRESSIVE;
				GCC_WARN_UNUSED_FUNCTION = YES;
				GCC_WARN_UNUSED_VARIABLE = YES;
				IPHONEOS_DEPLOYMENT_TARGET = 9.0;
				MTL_ENABLE_DEBUG_INFO = NO;
				SDKROOT = iphoneos;
				TARGETED_DEVICE_FAMILY = "1,2";
				VALIDATE_PRODUCT = YES;
			};
			name = Release;
		};
		278CBE391D66F86500B502BF /* Debug */ = {
			isa = XCBuildConfiguration;
			baseConfigurationReference = 96FB36849E76CE03077802EE /* Pods-GithubDemoTest.debug.xcconfig */;
			buildSettings = {
				ASSETCATALOG_COMPILER_APPICON_NAME = AppIcon;
				CODE_SIGN_IDENTITY = "iPhone Developer";
				"CODE_SIGN_IDENTITY[sdk=iphoneos*]" = "iPhone Developer";
				DEVELOPMENT_TEAM = D6S7RV872E;
				INFOPLIST_FILE = GithubDemoTest/Info.plist;
				IPHONEOS_DEPLOYMENT_TARGET = 9.0;
				LD_RUNPATH_SEARCH_PATHS = "$(inherited) @executable_path/Frameworks";
				PRODUCT_BUNDLE_IDENTIFIER = com.bm.hb.GithubDemoTest;
				PRODUCT_NAME = "$(TARGET_NAME)";
				PROVISIONING_PROFILE = "";
			};
			name = Debug;
		};
		278CBE3A1D66F86500B502BF /* Release */ = {
			isa = XCBuildConfiguration;
			baseConfigurationReference = B321EAEA77655436FE0768D1 /* Pods-GithubDemoTest.release.xcconfig */;
			buildSettings = {
				ASSETCATALOG_COMPILER_APPICON_NAME = AppIcon;
				CODE_SIGN_IDENTITY = "iPhone Developer";
				"CODE_SIGN_IDENTITY[sdk=iphoneos*]" = "iPhone Developer";
				DEVELOPMENT_TEAM = D6S7RV872E;
				INFOPLIST_FILE = GithubDemoTest/Info.plist;
				IPHONEOS_DEPLOYMENT_TARGET = 9.0;
				LD_RUNPATH_SEARCH_PATHS = "$(inherited) @executable_path/Frameworks";
				PRODUCT_BUNDLE_IDENTIFIER = com.bm.hb.GithubDemoTest;
				PRODUCT_NAME = "$(TARGET_NAME)";
				PROVISIONING_PROFILE = "";
			};
			name = Release;
		};
/* End XCBuildConfiguration section */

/* Begin XCConfigurationList section */
		278CBE1C1D66F86500B502BF /* Build configuration list for PBXProject "GithubDemoTest" */ = {
			isa = XCConfigurationList;
			buildConfigurations = (
				278CBE361D66F86500B502BF /* Debug */,
				278CBE371D66F86500B502BF /* Release */,
			);
			defaultConfigurationIsVisible = 0;
			defaultConfigurationName = Release;
		};
		278CBE381D66F86500B502BF /* Build configuration list for PBXNativeTarget "GithubDemoTest" */ = {
			isa = XCConfigurationList;
			buildConfigurations = (
				278CBE391D66F86500B502BF /* Debug */,
				278CBE3A1D66F86500B502BF /* Release */,
			);
			defaultConfigurationIsVisible = 0;
			defaultConfigurationName = Release;
		};
/* End XCConfigurationList section */
	};
	rootObject = 278CBE191D66F86500B502BF /* Project object */;
}
